
Microsoft Visual Studio Solution File, Format Version 12.00
# Visual Studio Version 16
VisualStudioVersion = 16.0.30503.244
MinimumVisualStudioVersion = 10.0.40219.1
Project("{FAE04EC0-301F-11D3-BF4B-00C04F79EFBC}") = "viacep", "viacep\viacep.csproj", "{46A63C1C-FFAF-4012-9951-DF0E40525A24}"
EndProject
Global
	GlobalSection(SolutionConfigurationPlatforms) = preSolution
		Debug|Any CPU = Debug|Any CPU
		Release|Any CPU = Release|Any CPU
	EndGlobalSection
	GlobalSection(ProjectConfigurationPlatforms) = postSolution
		{46A63C1C-FFAF-4012-9951-DF0E40525A24}.Debug|Any CPU.ActiveCfg = Debug|Any CPU
		{46A63C1C-FFAF-4012-9951-DF0E40525A24}.Debug|Any CPU.Build.0 = Debug|Any CPU
		{46A63C1C-FFAF-4012-9951-DF0E40525A24}.Release|Any CPU.ActiveCfg = Release|Any CPU
		{46A63C1C-FFAF-4012-9951-DF0E40525A24}.Release|Any CPU.Build.0 = Release|Any CPU
	EndGlobalSection
	GlobalSection(SolutionProperties) = preSolution
		HideSolutionNode = FALSE
	EndGlobalSection
	GlobalSection(ExtensibilityGlobals) = postSolution
		SolutionGuid = {5EFA04B8-6CB4-4BC7-BFFF-AEAF7DEDF464}
	EndGlobalSection
EndGlobal
